
Microsoft Visual Studio Solution File, Format Version 12.00
# Visual Studio Version 17
VisualStudioVersion = 17.9.34714.143
MinimumVisualStudioVersion = 10.0.40219.1
Project("{9A19103F-16F7-4668-BE54-9A1E7A4F7556}") = "winform", "winform\winform.csproj", "{4968FDAF-8F95-4E88-9503-692898DABCCB}"
EndProject
Project("{9A19103F-16F7-4668-BE54-9A1E7A4F7556}") = "dominio", "dominio\dominio.csproj", "{FCB85169-83C4-49E8-99F4-E895E3B69DAB}"
EndProject
Project("{FAE04EC0-301F-11D3-BF4B-00C04F79EFBC}") = "negocio", "negocio\negocio.csproj", "{90A46E16-31C2-4459-8B7C-2648DA66C6C2}"
EndProject
Global
	GlobalSection(SolutionConfigurationPlatforms) = preSolution
		Debug|Any CPU = Debug|Any CPU
		Release|Any CPU = Release|Any CPU
	EndGlobalSection
	GlobalSection(ProjectConfigurationPlatforms) = postSolution
		{4968FDAF-8F95-4E88-9503-692898DABCCB}.Debug|Any CPU.ActiveCfg = Debug|Any CPU
		{4968FDAF-8F95-4E88-9503-692898DABCCB}.Debug|Any CPU.Build.0 = Debug|Any CPU
		{4968FDAF-8F95-4E88-9503-692898DABCCB}.Release|Any CPU.ActiveCfg = Release|Any CPU
		{4968FDAF-8F95-4E88-9503-692898DABCCB}.Release|Any CPU.Build.0 = Release|Any CPU
		{FCB85169-83C4-49E8-99F4-E895E3B69DAB}.Debug|Any CPU.ActiveCfg = Debug|Any CPU
		{FCB85169-83C4-49E8-99F4-E895E3B69DAB}.Debug|Any CPU.Build.0 = Debug|Any CPU
		{FCB85169-83C4-49E8-99F4-E895E3B69DAB}.Release|Any CPU.ActiveCfg = Release|Any CPU
		{FCB85169-83C4-49E8-99F4-E895E3B69DAB}.Release|Any CPU.Build.0 = Release|Any CPU
		{90A46E16-31C2-4459-8B7C-2648DA66C6C2}.Debug|Any CPU.ActiveCfg = Debug|Any CPU
		{90A46E16-31C2-4459-8B7C-2648DA66C6C2}.Debug|Any CPU.Build.0 = Debug|Any CPU
		{90A46E16-31C2-4459-8B7C-2648DA66C6C2}.Release|Any CPU.ActiveCfg = Release|Any CPU
		{90A46E16-31C2-4459-8B7C-2648DA66C6C2}.Release|Any CPU.Build.0 = Release|Any CPU
	EndGlobalSection
	GlobalSection(SolutionProperties) = preSolution
		HideSolutionNode = FALSE
	EndGlobalSection
	GlobalSection(ExtensibilityGlobals) = postSolution
		SolutionGuid = {51843584-557B-445B-9F92-AB5884E08463}
	EndGlobalSection
EndGlobal
